// !$*UTF8*$!
{
	archiveVersion = 1;
	classes = {
	};
	objectVersion = 50;
	objects = {

/* Begin PBXBuildFile section */
		A902C3C7256EFBF800B3FDEB /* WidgetKit.framework in Frameworks */ = {isa = PBXBuildFile; fileRef = A902C3C6256EFBF800B3FDEB /* WidgetKit.framework */; };
		A902C3C9256EFBF800B3FDEB /* SwiftUI.framework in Frameworks */ = {isa = PBXBuildFile; fileRef = A902C3C8256EFBF800B3FDEB /* SwiftUI.framework */; };
		A902C3CC256EFBF800B3FDEB /* BadNewsTicker.swift in Sources */ = {isa = PBXBuildFile; fileRef = A902C3CB256EFBF800B3FDEB /* BadNewsTicker.swift */; };
		A902C3CF256EFBF900B3FDEB /* Assets.xcassets in Resources */ = {isa = PBXBuildFile; fileRef = A902C3CE256EFBF900B3FDEB /* Assets.xcassets */; };
		A902C3D1256EFBF900B3FDEB /* BadNewsTicker.intentdefinition in Sources */ = {isa = PBXBuildFile; fileRef = A902C3CD256EFBF800B3FDEB /* BadNewsTicker.intentdefinition */; };
		A902C3D2256EFBF900B3FDEB /* BadNewsTicker.intentdefinition in Sources */ = {isa = PBXBuildFile; fileRef = A902C3CD256EFBF800B3FDEB /* BadNewsTicker.intentdefinition */; };
		A902C3D6256EFBF900B3FDEB /* BadNewsTickerExtension.appex in Embed App Extensions */ = {isa = PBXBuildFile; fileRef = A902C3C5256EFBF800B3FDEB /* BadNewsTickerExtension.appex */; settings = {ATTRIBUTES = (RemoveHeadersOnCopy, ); }; };
		A902C3ED256EFF5200B3FDEB /* DIGITALDREAM.ttf in Resources */ = {isa = PBXBuildFile; fileRef = A927967E256E298A00494028 /* DIGITALDREAM.ttf */; };
		A902C434256F06C300B3FDEB /* BadNewsTicketWidgetView.swift in Sources */ = {isa = PBXBuildFile; fileRef = A902C433256F06C300B3FDEB /* BadNewsTicketWidgetView.swift */; };
		A9279652256E122000494028 /* BadNewsScraper.swift in Sources */ = {isa = PBXBuildFile; fileRef = A9279651256E122000494028 /* BadNewsScraper.swift */; };
		A9279680256E299700494028 /* DIGITALDREAM.ttf in Resources */ = {isa = PBXBuildFile; fileRef = A927967E256E298A00494028 /* DIGITALDREAM.ttf */; };
		A9279681256E299700494028 /* DIGITALDREAMSKEWNARROW.ttf in Resources */ = {isa = PBXBuildFile; fileRef = A927967C256E298900494028 /* DIGITALDREAMSKEWNARROW.ttf */; };
		A9279682256E299700494028 /* DIGITALDREAMFATNARROW.ttf in Resources */ = {isa = PBXBuildFile; fileRef = A927967B256E298900494028 /* DIGITALDREAMFATNARROW.ttf */; };
		A9279683256E299700494028 /* DIGITALDREAMFATSKEWNARROW.ttf in Resources */ = {isa = PBXBuildFile; fileRef = A9279679256E298900494028 /* DIGITALDREAMFATSKEWNARROW.ttf */; };
		A9279684256E299700494028 /* DIGITALDREAMFAT.ttf in Resources */ = {isa = PBXBuildFile; fileRef = A9279678256E298900494028 /* DIGITALDREAMFAT.ttf */; };
		A9279685256E299700494028 /* DIGITALDREAMSKEW.ttf in Resources */ = {isa = PBXBuildFile; fileRef = A927967F256E298A00494028 /* DIGITALDREAMSKEW.ttf */; };
		A9279686256E299700494028 /* DIGITALDREAMFATSKEW.ttf in Resources */ = {isa = PBXBuildFile; fileRef = A927967A256E298900494028 /* DIGITALDREAMFATSKEW.ttf */; };
		A9279687256E299700494028 /* DIGITALDREAMNARROW.ttf in Resources */ = {isa = PBXBuildFile; fileRef = A927967D256E298A00494028 /* DIGITALDREAMNARROW.ttf */; };
		A9A4A038256F4F6100687EA8 /* BadNewsScraper.swift in Sources */ = {isa = PBXBuildFile; fileRef = A9279651256E122000494028 /* BadNewsScraper.swift */; };
		A9A7AEF82571781D00BF15AE /* IMDBReviewClassifier.mlmodel in Sources */ = {isa = PBXBuildFile; fileRef = A9A7AEF72571781C00BF15AE /* IMDBReviewClassifier.mlmodel */; };
		A9A7AEF92571781D00BF15AE /* IMDBReviewClassifier.mlmodel in Sources */ = {isa = PBXBuildFile; fileRef = A9A7AEF72571781C00BF15AE /* IMDBReviewClassifier.mlmodel */; };
		A9AD25A6256F98AB0041348C /* DIGITALDREAMFATSKEW.ttf in Resources */ = {isa = PBXBuildFile; fileRef = A927967A256E298900494028 /* DIGITALDREAMFATSKEW.ttf */; };
		A9D77A04256E0F7B0042CBE6 /* TickerViewApp.swift in Sources */ = {isa = PBXBuildFile; fileRef = A9D77A03256E0F7B0042CBE6 /* TickerViewApp.swift */; };
		A9D77A06256E0F7B0042CBE6 /* ContentView.swift in Sources */ = {isa = PBXBuildFile; fileRef = A9D77A05256E0F7B0042CBE6 /* ContentView.swift */; };
		A9D77A08256E0F7B0042CBE6 /* Assets.xcassets in Resources */ = {isa = PBXBuildFile; fileRef = A9D77A07256E0F7B0042CBE6 /* Assets.xcassets */; };
		A9D77A0B256E0F7B0042CBE6 /* Preview Assets.xcassets in Resources */ = {isa = PBXBuildFile; fileRef = A9D77A0A256E0F7B0042CBE6 /* Preview Assets.xcassets */; };
		A9D77A16256E0F7B0042CBE6 /* TickerViewTests.swift in Sources */ = {isa = PBXBuildFile; fileRef = A9D77A15256E0F7B0042CBE6 /* TickerViewTests.swift */; };
		A9D77A21256E0F7C0042CBE6 /* TickerViewUITests.swift in Sources */ = {isa = PBXBuildFile; fileRef = A9D77A20256E0F7C0042CBE6 /* TickerViewUITests.swift */; };
/* End PBXBuildFile section */

/* Begin PBXContainerItemProxy section */
		A902C3D3256EFBF900B3FDEB /* PBXContainerItemProxy */ = {
			isa = PBXContainerItemProxy;
			containerPortal = A9D779F8256E0F7B0042CBE6 /* Project object */;
			proxyType = 1;
			remoteGlobalIDString = A902C3C4256EFBF800B3FDEB;
			remoteInfo = BadNewsTickerExtension;
		};
		A9D77A12256E0F7B0042CBE6 /* PBXContainerItemProxy */ = {
			isa = PBXContainerItemProxy;
			containerPortal = A9D779F8256E0F7B0042CBE6 /* Project object */;
			proxyType = 1;
			remoteGlobalIDString = A9D779FF256E0F7B0042CBE6;
			remoteInfo = TickerView;
		};
		A9D77A1D256E0F7C0042CBE6 /* PBXContainerItemProxy */ = {
			isa = PBXContainerItemProxy;
			containerPortal = A9D779F8256E0F7B0042CBE6 /* Project object */;
			proxyType = 1;
			remoteGlobalIDString = A9D779FF256E0F7B0042CBE6;
			remoteInfo = TickerView;
		};
/* End PBXContainerItemProxy section */

/* Begin PBXCopyFilesBuildPhase section */
		A902C3D5256EFBF900B3FDEB /* Embed App Extensions */ = {
			isa = PBXCopyFilesBuildPhase;
			buildActionMask = 2147483647;
			dstPath = "";
			dstSubfolderSpec = 13;
			files = (
				A902C3D6256EFBF900B3FDEB /* BadNewsTickerExtension.appex in Embed App Extensions */,
			);
			name = "Embed App Extensions";
			runOnlyForDeploymentPostprocessing = 0;
		};
/* End PBXCopyFilesBuildPhase section */

/* Begin PBXFileReference section */
		A902C3C5256EFBF800B3FDEB /* BadNewsTickerExtension.appex */ = {isa = PBXFileReference; explicitFileType = "wrapper.app-extension"; includeInIndex = 0; path = BadNewsTickerExtension.appex; sourceTree = BUILT_PRODUCTS_DIR; };
		A902C3C6256EFBF800B3FDEB /* WidgetKit.framework */ = {isa = PBXFileReference; lastKnownFileType = wrapper.framework; name = WidgetKit.framework; path = System/Library/Frameworks/WidgetKit.framework; sourceTree = SDKROOT; };
		A902C3C8256EFBF800B3FDEB /* SwiftUI.framework */ = {isa = PBXFileReference; lastKnownFileType = wrapper.framework; name = SwiftUI.framework; path = System/Library/Frameworks/SwiftUI.framework; sourceTree = SDKROOT; };
		A902C3CB256EFBF800B3FDEB /* BadNewsTicker.swift */ = {isa = PBXFileReference; lastKnownFileType = sourcecode.swift; path = BadNewsTicker.swift; sourceTree = "<group>"; };
		A902C3CD256EFBF800B3FDEB /* BadNewsTicker.intentdefinition */ = {isa = PBXFileReference; lastKnownFileType = file.intentdefinition; path = BadNewsTicker.intentdefinition; sourceTree = "<group>"; };
		A902C3CE256EFBF900B3FDEB /* Assets.xcassets */ = {isa = PBXFileReference; lastKnownFileType = folder.assetcatalog; path = Assets.xcassets; sourceTree = "<group>"; };
		A902C3D0256EFBF900B3FDEB /* Info.plist */ = {isa = PBXFileReference; lastKnownFileType = text.plist.xml; path = Info.plist; sourceTree = "<group>"; };
		A902C433256F06C300B3FDEB /* BadNewsTicketWidgetView.swift */ = {isa = PBXFileReference; lastKnownFileType = sourcecode.swift; path = BadNewsTicketWidgetView.swift; sourceTree = "<group>"; };
		A9279651256E122000494028 /* BadNewsScraper.swift */ = {isa = PBXFileReference; lastKnownFileType = sourcecode.swift; path = BadNewsScraper.swift; sourceTree = "<group>"; };
		A9279678256E298900494028 /* DIGITALDREAMFAT.ttf */ = {isa = PBXFileReference; lastKnownFileType = file; name = DIGITALDREAMFAT.ttf; path = fonts/DIGITALDREAMFAT.ttf; sourceTree = "<group>"; };
		A9279679256E298900494028 /* DIGITALDREAMFATSKEWNARROW.ttf */ = {isa = PBXFileReference; lastKnownFileType = file; name = DIGITALDREAMFATSKEWNARROW.ttf; path = fonts/DIGITALDREAMFATSKEWNARROW.ttf; sourceTree = "<group>"; };
		A927967A256E298900494028 /* DIGITALDREAMFATSKEW.ttf */ = {isa = PBXFileReference; lastKnownFileType = file; name = DIGITALDREAMFATSKEW.ttf; path = fonts/DIGITALDREAMFATSKEW.ttf; sourceTree = "<group>"; };
		A927967B256E298900494028 /* DIGITALDREAMFATNARROW.ttf */ = {isa = PBXFileReference; lastKnownFileType = file; name = DIGITALDREAMFATNARROW.ttf; path = fonts/DIGITALDREAMFATNARROW.ttf; sourceTree = "<group>"; };
		A927967C256E298900494028 /* DIGITALDREAMSKEWNARROW.ttf */ = {isa = PBXFileReference; lastKnownFileType = file; name = DIGITALDREAMSKEWNARROW.ttf; path = fonts/DIGITALDREAMSKEWNARROW.ttf; sourceTree = "<group>"; };
		A927967D256E298A00494028 /* DIGITALDREAMNARROW.ttf */ = {isa = PBXFileReference; lastKnownFileType = file; name = DIGITALDREAMNARROW.ttf; path = fonts/DIGITALDREAMNARROW.ttf; sourceTree = "<group>"; };
		A927967E256E298A00494028 /* DIGITALDREAM.ttf */ = {isa = PBXFileReference; lastKnownFileType = file; name = DIGITALDREAM.ttf; path = fonts/DIGITALDREAM.ttf; sourceTree = "<group>"; };
		A927967F256E298A00494028 /* DIGITALDREAMSKEW.ttf */ = {isa = PBXFileReference; lastKnownFileType = file; name = DIGITALDREAMSKEW.ttf; path = fonts/DIGITALDREAMSKEW.ttf; sourceTree = "<group>"; };
		A9A7AEF72571781C00BF15AE /* IMDBReviewClassifier.mlmodel */ = {isa = PBXFileReference; lastKnownFileType = file.mlmodel; path = IMDBReviewClassifier.mlmodel; sourceTree = "<group>"; };
		A9AD2594256F83480041348C /* TickerView.entitlements */ = {isa = PBXFileReference; lastKnownFileType = text.plist.entitlements; path = TickerView.entitlements; sourceTree = "<group>"; };
		A9AD2595256F83940041348C /* BadNewsTickerExtension.entitlements */ = {isa = PBXFileReference; lastKnownFileType = text.plist.entitlements; path = BadNewsTickerExtension.entitlements; sourceTree = "<group>"; };
		A9D77A00256E0F7B0042CBE6 /* TickerView.app */ = {isa = PBXFileReference; explicitFileType = wrapper.application; includeInIndex = 0; path = TickerView.app; sourceTree = BUILT_PRODUCTS_DIR; };
		A9D77A03256E0F7B0042CBE6 /* TickerViewApp.swift */ = {isa = PBXFileReference; lastKnownFileType = sourcecode.swift; path = TickerViewApp.swift; sourceTree = "<group>"; };
		A9D77A05256E0F7B0042CBE6 /* ContentView.swift */ = {isa = PBXFileReference; lastKnownFileType = sourcecode.swift; path = ContentView.swift; sourceTree = "<group>"; };
		A9D77A07256E0F7B0042CBE6 /* Assets.xcassets */ = {isa = PBXFileReference; lastKnownFileType = folder.assetcatalog; path = Assets.xcassets; sourceTree = "<group>"; };
		A9D77A0A256E0F7B0042CBE6 /* Preview Assets.xcassets */ = {isa = PBXFileReference; lastKnownFileType = folder.assetcatalog; path = "Preview Assets.xcassets"; sourceTree = "<group>"; };
		A9D77A0C256E0F7B0042CBE6 /* Info.plist */ = {isa = PBXFileReference; lastKnownFileType = text.plist.xml; path = Info.plist; sourceTree = "<group>"; };
		A9D77A11256E0F7B0042CBE6 /* TickerViewTests.xctest */ = {isa = PBXFileReference; explicitFileType = wrapper.cfbundle; includeInIndex = 0; path = TickerViewTests.xctest; sourceTree = BUILT_PRODUCTS_DIR; };
		A9D77A15256E0F7B0042CBE6 /* TickerViewTests.swift */ = {isa = PBXFileReference; lastKnownFileType = sourcecode.swift; path = TickerViewTests.swift; sourceTree = "<group>"; };
		A9D77A17256E0F7B0042CBE6 /* Info.plist */ = {isa = PBXFileReference; lastKnownFileType = text.plist.xml; path = Info.plist; sourceTree = "<group>"; };
		A9D77A1C256E0F7C0042CBE6 /* TickerViewUITests.xctest */ = {isa = PBXFileReference; explicitFileType = wrapper.cfbundle; includeInIndex = 0; path = TickerViewUITests.xctest; sourceTree = BUILT_PRODUCTS_DIR; };
		A9D77A20256E0F7C0042CBE6 /* TickerViewUITests.swift */ = {isa = PBXFileReference; lastKnownFileType = sourcecode.swift; path = TickerViewUITests.swift; sourceTree = "<group>"; };
		A9D77A22256E0F7C0042CBE6 /* Info.plist */ = {isa = PBXFileReference; lastKnownFileType = text.plist.xml; path = Info.plist; sourceTree = "<group>"; };
/* End PBXFileReference section */

/* Begin PBXFrameworksBuildPhase section */
		A902C3C2256EFBF800B3FDEB /* Frameworks */ = {
			isa = PBXFrameworksBuildPhase;
			buildActionMask = 2147483647;
			files = (
				A902C3C9256EFBF800B3FDEB /* SwiftUI.framework in Frameworks */,
				A902C3C7256EFBF800B3FDEB /* WidgetKit.framework in Frameworks */,
			);
			runOnlyForDeploymentPostprocessing = 0;
		};
		A9D779FD256E0F7B0042CBE6 /* Frameworks */ = {
			isa = PBXFrameworksBuildPhase;
			buildActionMask = 2147483647;
			files = (
			);
			runOnlyForDeploymentPostprocessing = 0;
		};
		A9D77A0E256E0F7B0042CBE6 /* Frameworks */ = {
			isa = PBXFrameworksBuildPhase;
			buildActionMask = 2147483647;
			files = (
			);
			runOnlyForDeploymentPostprocessing = 0;
		};
		A9D77A19256E0F7C0042CBE6 /* Frameworks */ = {
			isa = PBXFrameworksBuildPhase;
			buildActionMask = 2147483647;
			files = (
			);
			runOnlyForDeploymentPostprocessing = 0;
		};
/* End PBXFrameworksBuildPhase section */

/* Begin PBXGroup section */
		A902C3CA256EFBF800B3FDEB /* BadNewsTicker */ = {
			isa = PBXGroup;
			children = (
				A902C3CB256EFBF800B3FDEB /* BadNewsTicker.swift */,
				A902C3CD256EFBF800B3FDEB /* BadNewsTicker.intentdefinition */,
				A902C3CE256EFBF900B3FDEB /* Assets.xcassets */,
				A902C3D0256EFBF900B3FDEB /* Info.plist */,
				A902C433256F06C300B3FDEB /* BadNewsTicketWidgetView.swift */,
			);
			path = BadNewsTicker;
			sourceTree = "<group>";
		};
		A9279668256E1E5700494028 /* Frameworks */ = {
			isa = PBXGroup;
			children = (
				A902C3C6256EFBF800B3FDEB /* WidgetKit.framework */,
				A902C3C8256EFBF800B3FDEB /* SwiftUI.framework */,
			);
			name = Frameworks;
			sourceTree = "<group>";
		};
		A9279677256E295B00494028 /* Resources */ = {
			isa = PBXGroup;
			children = (
				A927967E256E298A00494028 /* DIGITALDREAM.ttf */,
				A9279678256E298900494028 /* DIGITALDREAMFAT.ttf */,
				A927967B256E298900494028 /* DIGITALDREAMFATNARROW.ttf */,
				A927967A256E298900494028 /* DIGITALDREAMFATSKEW.ttf */,
				A9279679256E298900494028 /* DIGITALDREAMFATSKEWNARROW.ttf */,
				A927967D256E298A00494028 /* DIGITALDREAMNARROW.ttf */,
				A927967F256E298A00494028 /* DIGITALDREAMSKEW.ttf */,
				A927967C256E298900494028 /* DIGITALDREAMSKEWNARROW.ttf */,
			);
			name = Resources;
			sourceTree = "<group>";
		};
		A9D779F7256E0F7B0042CBE6 = {
			isa = PBXGroup;
			children = (
				A9AD2595256F83940041348C /* BadNewsTickerExtension.entitlements */,
				A9A7AEF72571781C00BF15AE /* IMDBReviewClassifier.mlmodel */,
				A9D77A02256E0F7B0042CBE6 /* TickerView */,
				A9D77A14256E0F7B0042CBE6 /* TickerViewTests */,
				A9D77A1F256E0F7C0042CBE6 /* TickerViewUITests */,
				A9279677256E295B00494028 /* Resources */,
				A902C3CA256EFBF800B3FDEB /* BadNewsTicker */,
				A9D77A01256E0F7B0042CBE6 /* Products */,
				A9279668256E1E5700494028 /* Frameworks */,
			);
			sourceTree = "<group>";
		};
		A9D77A01256E0F7B0042CBE6 /* Products */ = {
			isa = PBXGroup;
			children = (
				A9D77A00256E0F7B0042CBE6 /* TickerView.app */,
				A9D77A11256E0F7B0042CBE6 /* TickerViewTests.xctest */,
				A9D77A1C256E0F7C0042CBE6 /* TickerViewUITests.xctest */,
				A902C3C5256EFBF800B3FDEB /* BadNewsTickerExtension.appex */,
			);
			name = Products;
			sourceTree = "<group>";
		};
		A9D77A02256E0F7B0042CBE6 /* TickerView */ = {
			isa = PBXGroup;
			children = (
				A9AD2594256F83480041348C /* TickerView.entitlements */,
				A9D77A03256E0F7B0042CBE6 /* TickerViewApp.swift */,
				A9D77A05256E0F7B0042CBE6 /* ContentView.swift */,
				A9D77A07256E0F7B0042CBE6 /* Assets.xcassets */,
				A9D77A0C256E0F7B0042CBE6 /* Info.plist */,
				A9D77A09256E0F7B0042CBE6 /* Preview Content */,
				A9279651256E122000494028 /* BadNewsScraper.swift */,
			);
			path = TickerView;
			sourceTree = "<group>";
		};
		A9D77A09256E0F7B0042CBE6 /* Preview Content */ = {
			isa = PBXGroup;
			children = (
				A9D77A0A256E0F7B0042CBE6 /* Preview Assets.xcassets */,
			);
			path = "Preview Content";
			sourceTree = "<group>";
		};
		A9D77A14256E0F7B0042CBE6 /* TickerViewTests */ = {
			isa = PBXGroup;
			children = (
				A9D77A15256E0F7B0042CBE6 /* TickerViewTests.swift */,
				A9D77A17256E0F7B0042CBE6 /* Info.plist */,
			);
			path = TickerViewTests;
			sourceTree = "<group>";
		};
		A9D77A1F256E0F7C0042CBE6 /* TickerViewUITests */ = {
			isa = PBXGroup;
			children = (
				A9D77A20256E0F7C0042CBE6 /* TickerViewUITests.swift */,
				A9D77A22256E0F7C0042CBE6 /* Info.plist */,
			);
			path = TickerViewUITests;
			sourceTree = "<group>";
		};
/* End PBXGroup section */

/* Begin PBXNativeTarget section */
		A902C3C4256EFBF800B3FDEB /* BadNewsTickerExtension */ = {
			isa = PBXNativeTarget;
			buildConfigurationList = A902C3D9256EFBF900B3FDEB /* Build configuration list for PBXNativeTarget "BadNewsTickerExtension" */;
			buildPhases = (
				A902C3C1256EFBF800B3FDEB /* Sources */,
				A902C3C2256EFBF800B3FDEB /* Frameworks */,
				A902C3C3256EFBF800B3FDEB /* Resources */,
			);
			buildRules = (
			);
			dependencies = (
			);
			name = BadNewsTickerExtension;
			productName = BadNewsTickerExtension;
			productReference = A902C3C5256EFBF800B3FDEB /* BadNewsTickerExtension.appex */;
			productType = "com.apple.product-type.app-extension";
		};
		A9D779FF256E0F7B0042CBE6 /* TickerView */ = {
			isa = PBXNativeTarget;
			buildConfigurationList = A9D77A25256E0F7C0042CBE6 /* Build configuration list for PBXNativeTarget "TickerView" */;
			buildPhases = (
				A9D779FC256E0F7B0042CBE6 /* Sources */,
				A9D779FD256E0F7B0042CBE6 /* Frameworks */,
				A9D779FE256E0F7B0042CBE6 /* Resources */,
				A902C3D5256EFBF900B3FDEB /* Embed App Extensions */,
			);
			buildRules = (
			);
			dependencies = (
				A902C3D4256EFBF900B3FDEB /* PBXTargetDependency */,
			);
			name = TickerView;
			packageProductDependencies = (
			);
			productName = TickerView;
			productReference = A9D77A00256E0F7B0042CBE6 /* TickerView.app */;
			productType = "com.apple.product-type.application";
		};
		A9D77A10256E0F7B0042CBE6 /* TickerViewTests */ = {
			isa = PBXNativeTarget;
			buildConfigurationList = A9D77A28256E0F7C0042CBE6 /* Build configuration list for PBXNativeTarget "TickerViewTests" */;
			buildPhases = (
				A9D77A0D256E0F7B0042CBE6 /* Sources */,
				A9D77A0E256E0F7B0042CBE6 /* Frameworks */,
				A9D77A0F256E0F7B0042CBE6 /* Resources */,
			);
			buildRules = (
			);
			dependencies = (
				A9D77A13256E0F7B0042CBE6 /* PBXTargetDependency */,
			);
			name = TickerViewTests;
			productName = TickerViewTests;
			productReference = A9D77A11256E0F7B0042CBE6 /* TickerViewTests.xctest */;
			productType = "com.apple.product-type.bundle.unit-test";
		};
		A9D77A1B256E0F7C0042CBE6 /* TickerViewUITests */ = {
			isa = PBXNativeTarget;
			buildConfigurationList = A9D77A2B256E0F7C0042CBE6 /* Build configuration list for PBXNativeTarget "TickerViewUITests" */;
			buildPhases = (
				A9D77A18256E0F7C0042CBE6 /* Sources */,
				A9D77A19256E0F7C0042CBE6 /* Frameworks */,
				A9D77A1A256E0F7C0042CBE6 /* Resources */,
			);
			buildRules = (
			);
			dependencies = (
				A9D77A1E256E0F7C0042CBE6 /* PBXTargetDependency */,
			);
			name = TickerViewUITests;
			productName = TickerViewUITests;
			productReference = A9D77A1C256E0F7C0042CBE6 /* TickerViewUITests.xctest */;
			productType = "com.apple.product-type.bundle.ui-testing";
		};
/* End PBXNativeTarget section */

/* Begin PBXProject section */
		A9D779F8256E0F7B0042CBE6 /* Project object */ = {
			isa = PBXProject;
			attributes = {
				LastSwiftUpdateCheck = 1220;
				LastUpgradeCheck = 1220;
				TargetAttributes = {
					A902C3C4256EFBF800B3FDEB = {
						CreatedOnToolsVersion = 12.2;
					};
					A9D779FF256E0F7B0042CBE6 = {
						CreatedOnToolsVersion = 12.2;
					};
					A9D77A10256E0F7B0042CBE6 = {
						CreatedOnToolsVersion = 12.2;
						TestTargetID = A9D779FF256E0F7B0042CBE6;
					};
					A9D77A1B256E0F7C0042CBE6 = {
						CreatedOnToolsVersion = 12.2;
						TestTargetID = A9D779FF256E0F7B0042CBE6;
					};
				};
			};
			buildConfigurationList = A9D779FB256E0F7B0042CBE6 /* Build configuration list for PBXProject "TickerView" */;
			compatibilityVersion = "Xcode 9.3";
			developmentRegion = en;
			hasScannedForEncodings = 0;
			knownRegions = (
				en,
				Base,
			);
			mainGroup = A9D779F7256E0F7B0042CBE6;
			productRefGroup = A9D77A01256E0F7B0042CBE6 /* Products */;
			projectDirPath = "";
			projectRoot = "";
			targets = (
				A9D779FF256E0F7B0042CBE6 /* TickerView */,
				A9D77A10256E0F7B0042CBE6 /* TickerViewTests */,
				A9D77A1B256E0F7C0042CBE6 /* TickerViewUITests */,
				A902C3C4256EFBF800B3FDEB /* BadNewsTickerExtension */,
			);
		};
/* End PBXProject section */

/* Begin PBXResourcesBuildPhase section */
		A902C3C3256EFBF800B3FDEB /* Resources */ = {
			isa = PBXResourcesBuildPhase;
			buildActionMask = 2147483647;
			files = (
				A902C3CF256EFBF900B3FDEB /* Assets.xcassets in Resources */,
				A902C3ED256EFF5200B3FDEB /* DIGITALDREAM.ttf in Resources */,
				A9AD25A6256F98AB0041348C /* DIGITALDREAMFATSKEW.ttf in Resources */,
			);
			runOnlyForDeploymentPostprocessing = 0;
		};
		A9D779FE256E0F7B0042CBE6 /* Resources */ = {
			isa = PBXResourcesBuildPhase;
			buildActionMask = 2147483647;
			files = (
				A9279681256E299700494028 /* DIGITALDREAMSKEWNARROW.ttf in Resources */,
				A9279685256E299700494028 /* DIGITALDREAMSKEW.ttf in Resources */,
				A9279687256E299700494028 /* DIGITALDREAMNARROW.ttf in Resources */,
				A9D77A0B256E0F7B0042CBE6 /* Preview Assets.xcassets in Resources */,
				A9279683256E299700494028 /* DIGITALDREAMFATSKEWNARROW.ttf in Resources */,
				A9279684256E299700494028 /* DIGITALDREAMFAT.ttf in Resources */,
				A9279682256E299700494028 /* DIGITALDREAMFATNARROW.ttf in Resources */,
				A9D77A08256E0F7B0042CBE6 /* Assets.xcassets in Resources */,
				A9279680256E299700494028 /* DIGITALDREAM.ttf in Resources */,
				A9279686256E299700494028 /* DIGITALDREAMFATSKEW.ttf in Resources */,
			);
			runOnlyForDeploymentPostprocessing = 0;
		};
		A9D77A0F256E0F7B0042CBE6 /* Resources */ = {
			isa = PBXResourcesBuildPhase;
			buildActionMask = 2147483647;
			files = (
			);
			runOnlyForDeploymentPostprocessing = 0;
		};
		A9D77A1A256E0F7C0042CBE6 /* Resources */ = {
			isa = PBXResourcesBuildPhase;
			buildActionMask = 2147483647;
			files = (
			);
			runOnlyForDeploymentPostprocessing = 0;
		};
/* End PBXResourcesBuildPhase section */

/* Begin PBXSourcesBuildPhase section */
		A902C3C1256EFBF800B3FDEB /* Sources */ = {
			isa = PBXSourcesBuildPhase;
			buildActionMask = 2147483647;
			files = (
				A9A7AEF92571781D00BF15AE /* IMDBReviewClassifier.mlmodel in Sources */,
				A902C434256F06C300B3FDEB /* BadNewsTicketWidgetView.swift in Sources */,
				A902C3CC256EFBF800B3FDEB /* BadNewsTicker.swift in Sources */,
				A902C3D1256EFBF900B3FDEB /* BadNewsTicker.intentdefinition in Sources */,
				A9A4A038256F4F6100687EA8 /* BadNewsScraper.swift in Sources */,
			);
			runOnlyForDeploymentPostprocessing = 0;
		};
		A9D779FC256E0F7B0042CBE6 /* Sources */ = {
			isa = PBXSourcesBuildPhase;
			buildActionMask = 2147483647;
			files = (
				A9A7AEF82571781D00BF15AE /* IMDBReviewClassifier.mlmodel in Sources */,
				A9D77A06256E0F7B0042CBE6 /* ContentView.swift in Sources */,
				A902C3D2256EFBF900B3FDEB /* BadNewsTicker.intentdefinition in Sources */,
				A9279652256E122000494028 /* BadNewsScraper.swift in Sources */,
				A9D77A04256E0F7B0042CBE6 /* TickerViewApp.swift in Sources */,
			);
			runOnlyForDeploymentPostprocessing = 0;
		};
		A9D77A0D256E0F7B0042CBE6 /* Sources */ = {
			isa = PBXSourcesBuildPhase;
			buildActionMask = 2147483647;
			files = (
				A9D77A16256E0F7B0042CBE6 /* TickerViewTests.swift in Sources */,
			);
			runOnlyForDeploymentPostprocessing = 0;
		};
		A9D77A18256E0F7C0042CBE6 /* Sources */ = {
			isa = PBXSourcesBuildPhase;
			buildActionMask = 2147483647;
			files = (
				A9D77A21256E0F7C0042CBE6 /* TickerViewUITests.swift in Sources */,
			);
			runOnlyForDeploymentPostprocessing = 0;
		};
/* End PBXSourcesBuildPhase section */

/* Begin PBXTargetDependency section */
		A902C3D4256EFBF900B3FDEB /* PBXTargetDependency */ = {
			isa = PBXTargetDependency;
			target = A902C3C4256EFBF800B3FDEB /* BadNewsTickerExtension */;
			targetProxy = A902C3D3256EFBF900B3FDEB /* PBXContainerItemProxy */;
		};
		A9D77A13256E0F7B0042CBE6 /* PBXTargetDependency */ = {
			isa = PBXTargetDependency;
			target = A9D779FF256E0F7B0042CBE6 /* TickerView */;
			targetProxy = A9D77A12256E0F7B0042CBE6 /* PBXContainerItemProxy */;
		};
		A9D77A1E256E0F7C0042CBE6 /* PBXTargetDependency */ = {
			isa = PBXTargetDependency;
			target = A9D779FF256E0F7B0042CBE6 /* TickerView */;
			targetProxy = A9D77A1D256E0F7C0042CBE6 /* PBXContainerItemProxy */;
		};
/* End PBXTargetDependency section */

/* Begin XCBuildConfiguration section */
		A902C3D7256EFBF900B3FDEB /* Debug */ = {
			isa = XCBuildConfiguration;
			buildSettings = {
				ASSETCATALOG_COMPILER_GLOBAL_ACCENT_COLOR_NAME = AccentColor;
				ASSETCATALOG_COMPILER_WIDGET_BACKGROUND_COLOR_NAME = WidgetBackground;
				CODE_SIGN_ENTITLEMENTS = BadNewsTickerExtension.entitlements;
				CODE_SIGN_STYLE = Automatic;
				DEVELOPMENT_TEAM = U224YD7RJX;
				INFOPLIST_FILE = BadNewsTicker/Info.plist;
				LD_RUNPATH_SEARCH_PATHS = (
					"$(inherited)",
					"@executable_path/Frameworks",
					"@executable_path/../../Frameworks",
				);
				PRODUCT_BUNDLE_IDENTIFIER = com.danmoore.TickerView.BadNewsTicker;
				PRODUCT_NAME = "$(TARGET_NAME)";
				SKIP_INSTALL = YES;
				SWIFT_VERSION = 5.0;
				TARGETED_DEVICE_FAMILY = "1,2";
			};
			name = Debug;
		};
		A902C3D8256EFBF900B3FDEB /* Release */ = {
			isa = XCBuildConfiguration;
			buildSettings = {
				ASSETCATALOG_COMPILER_GLOBAL_ACCENT_COLOR_NAME = AccentColor;
				ASSETCATALOG_COMPILER_WIDGET_BACKGROUND_COLOR_NAME = WidgetBackground;
				CODE_SIGN_ENTITLEMENTS = BadNewsTickerExtension.entitlements;
				CODE_SIGN_STYLE = Automatic;
				DEVELOPMENT_TEAM = XQDU65W28S;
				INFOPLIST_FILE = BadNewsTicker/Info.plist;
				LD_RUNPATH_SEARCH_PATHS = (
					"$(inherited)",
					"@executable_path/Frameworks",
					"@executable_path/../../Frameworks",
				);
				PRODUCT_BUNDLE_IDENTIFIER = com.danmoore.TickerView.BadNewsTicker;
				PRODUCT_NAME = "$(TARGET_NAME)";
				SKIP_INSTALL = YES;
				SWIFT_VERSION = 5.0;
				TARGETED_DEVICE_FAMILY = "1,2";
			};
			name = Release;
		};
		A9D77A23256E0F7C0042CBE6 /* Debug */ = {
			isa = XCBuildConfiguration;
			buildSettings = {
				ALWAYS_SEARCH_USER_PATHS = NO;
				CLANG_ANALYZER_NONNULL = YES;
				CLANG_ANALYZER_NUMBER_OBJECT_CONVERSION = YES_AGGRESSIVE;
				CLANG_CXX_LANGUAGE_STANDARD = "gnu++14";
				CLANG_CXX_LIBRARY = "libc++";
				CLANG_ENABLE_MODULES = YES;
				CLANG_ENABLE_OBJC_ARC = YES;
				CLANG_ENABLE_OBJC_WEAK = YES;
				CLANG_WARN_BLOCK_CAPTURE_AUTORELEASING = YES;
				CLANG_WARN_BOOL_CONVERSION = YES;
				CLANG_WARN_COMMA = YES;
				CLANG_WARN_CONSTANT_CONVERSION = YES;
				CLANG_WARN_DEPRECATED_OBJC_IMPLEMENTATIONS = YES;
				CLANG_WARN_DIRECT_OBJC_ISA_USAGE = YES_ERROR;
				CLANG_WARN_DOCUMENTATION_COMMENTS = YES;
				CLANG_WARN_EMPTY_BODY = YES;
				CLANG_WARN_ENUM_CONVERSION = YES;
				CLANG_WARN_INFINITE_RECURSION = YES;
				CLANG_WARN_INT_CONVERSION = YES;
				CLANG_WARN_NON_LITERAL_NULL_CONVERSION = YES;
				CLANG_WARN_OBJC_IMPLICIT_RETAIN_SELF = YES;
				CLANG_WARN_OBJC_LITERAL_CONVERSION = YES;
				CLANG_WARN_OBJC_ROOT_CLASS = YES_ERROR;
				CLANG_WARN_QUOTED_INCLUDE_IN_FRAMEWORK_HEADER = YES;
				CLANG_WARN_RANGE_LOOP_ANALYSIS = YES;
				CLANG_WARN_STRICT_PROTOTYPES = YES;
				CLANG_WARN_SUSPICIOUS_MOVE = YES;
				CLANG_WARN_UNGUARDED_AVAILABILITY = YES_AGGRESSIVE;
				CLANG_WARN_UNREACHABLE_CODE = YES;
				CLANG_WARN__DUPLICATE_METHOD_MATCH = YES;
				COPY_PHASE_STRIP = NO;
				DEBUG_INFORMATION_FORMAT = dwarf;
				ENABLE_STRICT_OBJC_MSGSEND = YES;
				ENABLE_TESTABILITY = YES;
				GCC_C_LANGUAGE_STANDARD = gnu11;
				GCC_DYNAMIC_NO_PIC = NO;
				GCC_NO_COMMON_BLOCKS = YES;
				GCC_OPTIMIZATION_LEVEL = 0;
				GCC_PREPROCESSOR_DEFINITIONS = (
					"DEBUG=1",
					"$(inherited)",
				);
				GCC_WARN_64_TO_32_BIT_CONVERSION = YES;
				GCC_WARN_ABOUT_RETURN_TYPE = YES_ERROR;
				GCC_WARN_UNDECLARED_SELECTOR = YES;
				GCC_WARN_UNINITIALIZED_AUTOS = YES_AGGRESSIVE;
				GCC_WARN_UNUSED_FUNCTION = YES;
				GCC_WARN_UNUSED_VARIABLE = YES;
				IPHONEOS_DEPLOYMENT_TARGET = 14.2;
				MTL_ENABLE_DEBUG_INFO = INCLUDE_SOURCE;
				MTL_FAST_MATH = YES;
				ONLY_ACTIVE_ARCH = YES;
				SDKROOT = iphoneos;
				SWIFT_ACTIVE_COMPILATION_CONDITIONS = DEBUG;
				SWIFT_OPTIMIZATION_LEVEL = "-Onone";
			};
			name = Debug;
		};
		A9D77A24256E0F7C0042CBE6 /* Release */ = {
			isa = XCBuildConfiguration;
			buildSettings = {
				ALWAYS_SEARCH_USER_PATHS = NO;
				CLANG_ANALYZER_NONNULL = YES;
				CLANG_ANALYZER_NUMBER_OBJECT_CONVERSION = YES_AGGRESSIVE;
				CLANG_CXX_LANGUAGE_STANDARD = "gnu++14";
				CLANG_CXX_LIBRARY = "libc++";
				CLANG_ENABLE_MODULES = YES;
				CLANG_ENABLE_OBJC_ARC = YES;
				CLANG_ENABLE_OBJC_WEAK = YES;
				CLANG_WARN_BLOCK_CAPTURE_AUTORELEASING = YES;
				CLANG_WARN_BOOL_CONVERSION = YES;
				CLANG_WARN_COMMA = YES;
				CLANG_WARN_CONSTANT_CONVERSION = YES;
				CLANG_WARN_DEPRECATED_OBJC_IMPLEMENTATIONS = YES;
				CLANG_WARN_DIRECT_OBJC_ISA_USAGE = YES_ERROR;
				CLANG_WARN_DOCUMENTATION_COMMENTS = YES;
				CLANG_WARN_EMPTY_BODY = YES;
				CLANG_WARN_ENUM_CONVERSION = YES;
				CLANG_WARN_INFINITE_RECURSION = YES;
				CLANG_WARN_INT_CONVERSION = YES;
				CLANG_WARN_NON_LITERAL_NULL_CONVERSION = YES;
				CLANG_WARN_OBJC_IMPLICIT_RETAIN_SELF = YES;
				CLANG_WARN_OBJC_LITERAL_CONVERSION = YES;
				CLANG_WARN_OBJC_ROOT_CLASS = YES_ERROR;
				CLANG_WARN_QUOTED_INCLUDE_IN_FRAMEWORK_HEADER = YES;
				CLANG_WARN_RANGE_LOOP_ANALYSIS = YES;
				CLANG_WARN_STRICT_PROTOTYPES = YES;
				CLANG_WARN_SUSPICIOUS_MOVE = YES;
				CLANG_WARN_UNGUARDED_AVAILABILITY = YES_AGGRESSIVE;
				CLANG_WARN_UNREACHABLE_CODE = YES;
				CLANG_WARN__DUPLICATE_METHOD_MATCH = YES;
				COPY_PHASE_STRIP = NO;
				DEBUG_INFORMATION_FORMAT = "dwarf-with-dsym";
				ENABLE_NS_ASSERTIONS = NO;
				ENABLE_STRICT_OBJC_MSGSEND = YES;
				GCC_C_LANGUAGE_STANDARD = gnu11;
				GCC_NO_COMMON_BLOCKS = YES;
				GCC_WARN_64_TO_32_BIT_CONVERSION = YES;
				GCC_WARN_ABOUT_RETURN_TYPE = YES_ERROR;
				GCC_WARN_UNDECLARED_SELECTOR = YES;
				GCC_WARN_UNINITIALIZED_AUTOS = YES_AGGRESSIVE;
				GCC_WARN_UNUSED_FUNCTION = YES;
				GCC_WARN_UNUSED_VARIABLE = YES;
				IPHONEOS_DEPLOYMENT_TARGET = 14.2;
				MTL_ENABLE_DEBUG_INFO = NO;
				MTL_FAST_MATH = YES;
				SDKROOT = iphoneos;
				SWIFT_COMPILATION_MODE = wholemodule;
				SWIFT_OPTIMIZATION_LEVEL = "-O";
				VALIDATE_PRODUCT = YES;
			};
			name = Release;
		};
		A9D77A26256E0F7C0042CBE6 /* Debug */ = {
			isa = XCBuildConfiguration;
			buildSettings = {
				ALWAYS_EMBED_SWIFT_STANDARD_LIBRARIES = YES;
				ASSETCATALOG_COMPILER_APPICON_NAME = AppIcon;
				ASSETCATALOG_COMPILER_GLOBAL_ACCENT_COLOR_NAME = AccentColor;
				CODE_SIGN_ENTITLEMENTS = TickerView/TickerView.entitlements;
				CODE_SIGN_STYLE = Automatic;
				DEVELOPMENT_ASSET_PATHS = "\"TickerView/Preview Content\"";
				DEVELOPMENT_TEAM = U224YD7RJX;
				ENABLE_PREVIEWS = YES;
				INFOPLIST_FILE = TickerView/Info.plist;
				IPHONEOS_DEPLOYMENT_TARGET = 14.0;
				LD_RUNPATH_SEARCH_PATHS = (
					"$(inherited)",
					"@executable_path/Frameworks",
				);
				PRODUCT_BUNDLE_IDENTIFIER = com.danmoore.TickerView;
				PRODUCT_NAME = "$(TARGET_NAME)";
				SWIFT_VERSION = 5.0;
				TARGETED_DEVICE_FAMILY = "1,2";
			};
			name = Debug;
		};
		A9D77A27256E0F7C0042CBE6 /* Release */ = {
			isa = XCBuildConfiguration;
			buildSettings = {
				ALWAYS_EMBED_SWIFT_STANDARD_LIBRARIES = YES;
				ASSETCATALOG_COMPILER_APPICON_NAME = AppIcon;
				ASSETCATALOG_COMPILER_GLOBAL_ACCENT_COLOR_NAME = AccentColor;
				CODE_SIGN_ENTITLEMENTS = TickerView/TickerView.entitlements;
				CODE_SIGN_STYLE = Automatic;
				DEVELOPMENT_ASSET_PATHS = "\"TickerView/Preview Content\"";
				DEVELOPMENT_TEAM = XQDU65W28S;
				ENABLE_PREVIEWS = YES;
				INFOPLIST_FILE = TickerView/Info.plist;
				IPHONEOS_DEPLOYMENT_TARGET = 14.0;
				LD_RUNPATH_SEARCH_PATHS = (
					"$(inherited)",
					"@executable_path/Frameworks",
				);
				PRODUCT_BUNDLE_IDENTIFIER = com.danmoore.TickerView;
				PRODUCT_NAME = "$(TARGET_NAME)";
				SWIFT_VERSION = 5.0;
				TARGETED_DEVICE_FAMILY = "1,2";
			};
			name = Release;
		};
		A9D77A29256E0F7C0042CBE6 /* Debug */ = {
			isa = XCBuildConfiguration;
			buildSettings = {
				ALWAYS_EMBED_SWIFT_STANDARD_LIBRARIES = YES;
				BUNDLE_LOADER = "$(TEST_HOST)";
				CODE_SIGN_STYLE = Automatic;
				DEVELOPMENT_TEAM = XQDU65W28S;
				INFOPLIST_FILE = TickerViewTests/Info.plist;
				IPHONEOS_DEPLOYMENT_TARGET = 14.0;
				LD_RUNPATH_SEARCH_PATHS = (
					"$(inherited)",
					"@executable_path/Frameworks",
					"@loader_path/Frameworks",
				);
				PRODUCT_BUNDLE_IDENTIFIER = chess.danmoore.TickerViewTests;
				PRODUCT_NAME = "$(TARGET_NAME)";
				SWIFT_VERSION = 5.0;
				TARGETED_DEVICE_FAMILY = "1,2";
				TEST_HOST = "$(BUILT_PRODUCTS_DIR)/TickerView.app/TickerView";
			};
			name = Debug;
		};
		A9D77A2A256E0F7C0042CBE6 /* Release */ = {
			isa = XCBuildConfiguration;
			buildSettings = {
				ALWAYS_EMBED_SWIFT_STANDARD_LIBRARIES = YES;
				BUNDLE_LOADER = "$(TEST_HOST)";
				CODE_SIGN_STYLE = Automatic;
				DEVELOPMENT_TEAM = XQDU65W28S;
				INFOPLIST_FILE = TickerViewTests/Info.plist;
				IPHONEOS_DEPLOYMENT_TARGET = 14.0;
				LD_RUNPATH_SEARCH_PATHS = (
					"$(inherited)",
					"@executable_path/Frameworks",
					"@loader_path/Frameworks",
				);
				PRODUCT_BUNDLE_IDENTIFIER = chess.danmoore.TickerViewTests;
				PRODUCT_NAME = "$(TARGET_NAME)";
				SWIFT_VERSION = 5.0;
				TARGETED_DEVICE_FAMILY = "1,2";
				TEST_HOST = "$(BUILT_PRODUCTS_DIR)/TickerView.app/TickerView";
			};
			name = Release;
		};
		A9D77A2C256E0F7C0042CBE6 /* Debug */ = {
			isa = XCBuildConfiguration;
			buildSettings = {
				ALWAYS_EMBED_SWIFT_STANDARD_LIBRARIES = YES;
				CODE_SIGN_STYLE = Automatic;
				DEVELOPMENT_TEAM = XQDU65W28S;
				INFOPLIST_FILE = TickerViewUITests/Info.plist;
				LD_RUNPATH_SEARCH_PATHS = (
					"$(inherited)",
					"@executable_path/Frameworks",
					"@loader_path/Frameworks",
				);
				PRODUCT_BUNDLE_IDENTIFIER = chess.danmoore.TickerViewUITests;
				PRODUCT_NAME = "$(TARGET_NAME)";
				SWIFT_VERSION = 5.0;
				TARGETED_DEVICE_FAMILY = "1,2";
				TEST_TARGET_NAME = TickerView;
			};
			name = Debug;
		};
		A9D77A2D256E0F7C0042CBE6 /* Release */ = {
			isa = XCBuildConfiguration;
			buildSettings = {
				ALWAYS_EMBED_SWIFT_STANDARD_LIBRARIES = YES;
				CODE_SIGN_STYLE = Automatic;
				DEVELOPMENT_TEAM = XQDU65W28S;
				INFOPLIST_FILE = TickerViewUITests/Info.plist;
				LD_RUNPATH_SEARCH_PATHS = (
					"$(inherited)",
					"@executable_path/Frameworks",
					"@loader_path/Frameworks",
				);
				PRODUCT_BUNDLE_IDENTIFIER = chess.danmoore.TickerViewUITests;
				PRODUCT_NAME = "$(TARGET_NAME)";
				SWIFT_VERSION = 5.0;
				TARGETED_DEVICE_FAMILY = "1,2";
				TEST_TARGET_NAME = TickerView;
			};
			name = Release;
		};
/* End XCBuildConfiguration section */

/* Begin XCConfigurationList section */
		A902C3D9256EFBF900B3FDEB /* Build configuration list for PBXNativeTarget "BadNewsTickerExtension" */ = {
			isa = XCConfigurationList;
			buildConfigurations = (
				A902C3D7256EFBF900B3FDEB /* Debug */,
				A902C3D8256EFBF900B3FDEB /* Release */,
			);
			defaultConfigurationIsVisible = 0;
			defaultConfigurationName = Release;
		};
		A9D779FB256E0F7B0042CBE6 /* Build configuration list for PBXProject "TickerView" */ = {
			isa = XCConfigurationList;
			buildConfigurations = (
				A9D77A23256E0F7C0042CBE6 /* Debug */,
				A9D77A24256E0F7C0042CBE6 /* Release */,
			);
			defaultConfigurationIsVisible = 0;
			defaultConfigurationName = Release;
		};
		A9D77A25256E0F7C0042CBE6 /* Build configuration list for PBXNativeTarget "TickerView" */ = {
			isa = XCConfigurationList;
			buildConfigurations = (
				A9D77A26256E0F7C0042CBE6 /* Debug */,
				A9D77A27256E0F7C0042CBE6 /* Release */,
			);
			defaultConfigurationIsVisible = 0;
			defaultConfigurationName = Release;
		};
		A9D77A28256E0F7C0042CBE6 /* Build configuration list for PBXNativeTarget "TickerViewTests" */ = {
			isa = XCConfigurationList;
			buildConfigurations = (
				A9D77A29256E0F7C0042CBE6 /* Debug */,
				A9D77A2A256E0F7C0042CBE6 /* Release */,
			);
			defaultConfigurationIsVisible = 0;
			defaultConfigurationName = Release;
		};
		A9D77A2B256E0F7C0042CBE6 /* Build configuration list for PBXNativeTarget "TickerViewUITests" */ = {
			isa = XCConfigurationList;
			buildConfigurations = (
				A9D77A2C256E0F7C0042CBE6 /* Debug */,
				A9D77A2D256E0F7C0042CBE6 /* Release */,
			);
			defaultConfigurationIsVisible = 0;
			defaultConfigurationName = Release;
		};
/* End XCConfigurationList section */
	};
	rootObject = A9D779F8256E0F7B0042CBE6 /* Project object */;
}
